
Microsoft Visual Studio Solution File, Format Version 12.00
# Visual Studio Version 17
VisualStudioVersion = 17.14.36518.9 d17.14
MinimumVisualStudioVersion = 10.0.40219.1
Project("{FAE04EC0-301F-11D3-BF4B-00C04F79EFBC}") = "Lap03", "Lap03\Lap03.csproj", "{31C68EEB-6D2E-4889-9585-15A81E3C81A4}"
EndProject
Project("{FAE04EC0-301F-11D3-BF4B-00C04F79EFBC}") = "Lap03-2", "Lap03-2\Lap03-2.csproj", "{9E36EFCA-6A5E-4806-A94A-02B1448A4633}"
EndProject
Project("{FAE04EC0-301F-11D3-BF4B-00C04F79EFBC}") = "Lap03-3", "Lap03-3\Lap03-3.csproj", "{C37748D1-33F7-47CD-B14D-4610FAD78E7E}"
EndProject
Global
	GlobalSection(SolutionConfigurationPlatforms) = preSolution
		Debug|Any CPU = Debug|Any CPU
		Release|Any CPU = Release|Any CPU
	EndGlobalSection
	GlobalSection(ProjectConfigurationPlatforms) = postSolution
		{31C68EEB-6D2E-4889-9585-15A81E3C81A4}.Debug|Any CPU.ActiveCfg = Debug|Any CPU
		{31C68EEB-6D2E-4889-9585-15A81E3C81A4}.Debug|Any CPU.Build.0 = Debug|Any CPU
		{31C68EEB-6D2E-4889-9585-15A81E3C81A4}.Release|Any CPU.ActiveCfg = Release|Any CPU
		{31C68EEB-6D2E-4889-9585-15A81E3C81A4}.Release|Any CPU.Build.0 = Release|Any CPU
		{9E36EFCA-6A5E-4806-A94A-02B1448A4633}.Debug|Any CPU.ActiveCfg = Debug|Any CPU
		{9E36EFCA-6A5E-4806-A94A-02B1448A4633}.Debug|Any CPU.Build.0 = Debug|Any CPU
		{9E36EFCA-6A5E-4806-A94A-02B1448A4633}.Release|Any CPU.ActiveCfg = Release|Any CPU
		{9E36EFCA-6A5E-4806-A94A-02B1448A4633}.Release|Any CPU.Build.0 = Release|Any CPU
		{C37748D1-33F7-47CD-B14D-4610FAD78E7E}.Debug|Any CPU.ActiveCfg = Debug|Any CPU
		{C37748D1-33F7-47CD-B14D-4610FAD78E7E}.Debug|Any CPU.Build.0 = Debug|Any CPU
		{C37748D1-33F7-47CD-B14D-4610FAD78E7E}.Release|Any CPU.ActiveCfg = Release|Any CPU
		{C37748D1-33F7-47CD-B14D-4610FAD78E7E}.Release|Any CPU.Build.0 = Release|Any CPU
	EndGlobalSection
	GlobalSection(SolutionProperties) = preSolution
		HideSolutionNode = FALSE
	EndGlobalSection
	GlobalSection(ExtensibilityGlobals) = postSolution
		SolutionGuid = {A97FA09D-D5BF-43D2-BB3A-AD5A4A614A6F}
	EndGlobalSection
EndGlobal
